
Microsoft Visual Studio Solution File, Format Version 12.00
# Visual Studio Version 16
VisualStudioVersion = 16.0.31624.102
MinimumVisualStudioVersion = 10.0.40219.1
Project("{FAE04EC0-301F-11D3-BF4B-00C04F79EFBC}") = "RecurrentJobsUsingHangfire", "RecurrentJobsUsingHangfire\RecurrentJobsUsingHangfire.csproj", "{29750160-BD48-45E5-838C-CB927BF34104}"
EndProject
Project("{FAE04EC0-301F-11D3-BF4B-00C04F79EFBC}") = "SignalRConsoleClient", "SignalRConsoleClient\SignalRConsoleClient.csproj", "{DBE4F40A-BA75-4253-B021-8B9D9327D709}"
EndProject
Global
	GlobalSection(SolutionConfigurationPlatforms) = preSolution
		Debug|Any CPU = Debug|Any CPU
		Release|Any CPU = Release|Any CPU
	EndGlobalSection
	GlobalSection(ProjectConfigurationPlatforms) = postSolution
		{29750160-BD48-45E5-838C-CB927BF34104}.Debug|Any CPU.ActiveCfg = Debug|Any CPU
		{29750160-BD48-45E5-838C-CB927BF34104}.Debug|Any CPU.Build.0 = Debug|Any CPU
		{29750160-BD48-45E5-838C-CB927BF34104}.Release|Any CPU.ActiveCfg = Release|Any CPU
		{29750160-BD48-45E5-838C-CB927BF34104}.Release|Any CPU.Build.0 = Release|Any CPU
		{DBE4F40A-BA75-4253-B021-8B9D9327D709}.Debug|Any CPU.ActiveCfg = Debug|Any CPU
		{DBE4F40A-BA75-4253-B021-8B9D9327D709}.Debug|Any CPU.Build.0 = Debug|Any CPU
		{DBE4F40A-BA75-4253-B021-8B9D9327D709}.Release|Any CPU.ActiveCfg = Release|Any CPU
		{DBE4F40A-BA75-4253-B021-8B9D9327D709}.Release|Any CPU.Build.0 = Release|Any CPU
	EndGlobalSection
	GlobalSection(SolutionProperties) = preSolution
		HideSolutionNode = FALSE
	EndGlobalSection
	GlobalSection(ExtensibilityGlobals) = postSolution
		SolutionGuid = {12672FEA-BB48-44BB-B8CA-C4CC6A7F4071}
	EndGlobalSection
EndGlobal
